
Microsoft Visual Studio Solution File, Format Version 11.00
# Visual Studio 2010
Project("{FAE04EC0-301F-11D3-BF4B-00C04F79EFBC}") = "flappy-bird-unity", "Assembly-CSharp.csproj", "{BAC6747C-AC81-EEF7-F188-9FB96AADCBB6}"
EndProject
Global
	GlobalSection(SolutionConfigurationPlatforms) = preSolution
		Debug|Any CPU = Debug|Any CPU
		Release|Any CPU = Release|Any CPU
	EndGlobalSection
	GlobalSection(ProjectConfigurationPlatforms) = postSolution
		{BAC6747C-AC81-EEF7-F188-9FB96AADCBB6}.Debug|Any CPU.ActiveCfg = Debug|Any CPU
		{BAC6747C-AC81-EEF7-F188-9FB96AADCBB6}.Debug|Any CPU.Build.0 = Debug|Any CPU
		{BAC6747C-AC81-EEF7-F188-9FB96AADCBB6}.Release|Any CPU.ActiveCfg = Release|Any CPU
		{BAC6747C-AC81-EEF7-F188-9FB96AADCBB6}.Release|Any CPU.Build.0 = Release|Any CPU
	EndGlobalSection
	GlobalSection(SolutionProperties) = preSolution
		HideSolutionNode = FALSE
	EndGlobalSection
	GlobalSection(MonoDevelopProperties) = preSolution
		StartupItem = Assembly-CSharp.csproj
	EndGlobalSection
EndGlobal
